// !$*UTF8*$!
{
	archiveVersion = 1;
	classes = {
	};
	objectVersion = 77;
	objects = {

/* Begin PBXContainerItemProxy section */
		F5F2ECC32CFEDF3D006E0D09 /* PBXContainerItemProxy */ = {
			isa = PBXContainerItemProxy;
			containerPortal = F5F2ECAA2CFEDF3C006E0D09 /* Project object */;
			proxyType = 1;
			remoteGlobalIDString = F5F2ECB12CFEDF3C006E0D09;
			remoteInfo = ReceipeApp;
		};
		F5F2ECCD2CFEDF3D006E0D09 /* PBXContainerItemProxy */ = {
			isa = PBXContainerItemProxy;
			containerPortal = F5F2ECAA2CFEDF3C006E0D09 /* Project object */;
			proxyType = 1;
			remoteGlobalIDString = F5F2ECB12CFEDF3C006E0D09;
			remoteInfo = ReceipeApp;
		};
/* End PBXContainerItemProxy section */

/* Begin PBXFileReference section */
		F5F2ECB22CFEDF3C006E0D09 /* ReceipeApp.app */ = {isa = PBXFileReference; explicitFileType = wrapper.application; includeInIndex = 0; path = ReceipeApp.app; sourceTree = BUILT_PRODUCTS_DIR; };
		F5F2ECC22CFEDF3D006E0D09 /* ReceipeAppTests.xctest */ = {isa = PBXFileReference; explicitFileType = wrapper.cfbundle; includeInIndex = 0; path = ReceipeAppTests.xctest; sourceTree = BUILT_PRODUCTS_DIR; };
		F5F2ECCC2CFEDF3D006E0D09 /* ReceipeAppUITests.xctest */ = {isa = PBXFileReference; explicitFileType = wrapper.cfbundle; includeInIndex = 0; path = ReceipeAppUITests.xctest; sourceTree = BUILT_PRODUCTS_DIR; };
/* End PBXFileReference section */

/* Begin PBXFileSystemSynchronizedBuildFileExceptionSet section */
		F5F2ED012CFEFB32006E0D09 /* Exceptions for "ReceipeApp" folder in "ReceipeApp" target */ = {
			isa = PBXFileSystemSynchronizedBuildFileExceptionSet;
			membershipExceptions = (
				Info.plist,
			);
			target = F5F2ECB12CFEDF3C006E0D09 /* ReceipeApp */;
		};
/* End PBXFileSystemSynchronizedBuildFileExceptionSet section */

/* Begin PBXFileSystemSynchronizedRootGroup section */
		F5F2ECB42CFEDF3C006E0D09 /* ReceipeApp */ = {
			isa = PBXFileSystemSynchronizedRootGroup;
			exceptions = (
				F5F2ED012CFEFB32006E0D09 /* Exceptions for "ReceipeApp" folder in "ReceipeApp" target */,
			);
			path = ReceipeApp;
			sourceTree = "<group>";
		};
		F5F2ECC52CFEDF3D006E0D09 /* ReceipeAppTests */ = {
			isa = PBXFileSystemSynchronizedRootGroup;
			path = ReceipeAppTests;
			sourceTree = "<group>";
		};
		F5F2ECCF2CFEDF3D006E0D09 /* ReceipeAppUITests */ = {
			isa = PBXFileSystemSynchronizedRootGroup;
			path = ReceipeAppUITests;
			sourceTree = "<group>";
		};
/* End PBXFileSystemSynchronizedRootGroup section */

/* Begin PBXFrameworksBuildPhase section */
		F5F2ECAF2CFEDF3C006E0D09 /* Frameworks */ = {
			isa = PBXFrameworksBuildPhase;
			buildActionMask = 2147483647;
			files = (
			);
			runOnlyForDeploymentPostprocessing = 0;
		};
		F5F2ECBF2CFEDF3D006E0D09 /* Frameworks */ = {
			isa = PBXFrameworksBuildPhase;
			buildActionMask = 2147483647;
			files = (
			);
			runOnlyForDeploymentPostprocessing = 0;
		};
		F5F2ECC92CFEDF3D006E0D09 /* Frameworks */ = {
			isa = PBXFrameworksBuildPhase;
			buildActionMask = 2147483647;
			files = (
			);
			runOnlyForDeploymentPostprocessing = 0;
		};
/* End PBXFrameworksBuildPhase section */

/* Begin PBXGroup section */
		F5F2ECA92CFEDF3C006E0D09 = {
			isa = PBXGroup;
			children = (
				F5F2ECB42CFEDF3C006E0D09 /* ReceipeApp */,
				F5F2ECC52CFEDF3D006E0D09 /* ReceipeAppTests */,
				F5F2ECCF2CFEDF3D006E0D09 /* ReceipeAppUITests */,
				F5F2ECB32CFEDF3C006E0D09 /* Products */,
			);
			sourceTree = "<group>";
		};
		F5F2ECB32CFEDF3C006E0D09 /* Products */ = {
			isa = PBXGroup;
			children = (
				F5F2ECB22CFEDF3C006E0D09 /* ReceipeApp.app */,
				F5F2ECC22CFEDF3D006E0D09 /* ReceipeAppTests.xctest */,
				F5F2ECCC2CFEDF3D006E0D09 /* ReceipeAppUITests.xctest */,
			);
			name = Products;
			sourceTree = "<group>";
		};
/* End PBXGroup section */

/* Begin PBXNativeTarget section */
		F5F2ECB12CFEDF3C006E0D09 /* ReceipeApp */ = {
			isa = PBXNativeTarget;
			buildConfigurationList = F5F2ECD62CFEDF3D006E0D09 /* Build configuration list for PBXNativeTarget "ReceipeApp" */;
			buildPhases = (
				F5F2ECAE2CFEDF3C006E0D09 /* Sources */,
				F5F2ECAF2CFEDF3C006E0D09 /* Frameworks */,
				F5F2ECB02CFEDF3C006E0D09 /* Resources */,
			);
			buildRules = (
			);
			dependencies = (
			);
			fileSystemSynchronizedGroups = (
				F5F2ECB42CFEDF3C006E0D09 /* ReceipeApp */,
			);
			name = ReceipeApp;
			packageProductDependencies = (
			);
			productName = ReceipeApp;
			productReference = F5F2ECB22CFEDF3C006E0D09 /* ReceipeApp.app */;
			productType = "com.apple.product-type.application";
		};
		F5F2ECC12CFEDF3D006E0D09 /* ReceipeAppTests */ = {
			isa = PBXNativeTarget;
			buildConfigurationList = F5F2ECD92CFEDF3D006E0D09 /* Build configuration list for PBXNativeTarget "ReceipeAppTests" */;
			buildPhases = (
				F5F2ECBE2CFEDF3D006E0D09 /* Sources */,
				F5F2ECBF2CFEDF3D006E0D09 /* Frameworks */,
				F5F2ECC02CFEDF3D006E0D09 /* Resources */,
			);
			buildRules = (
			);
			dependencies = (
				F5F2ECC42CFEDF3D006E0D09 /* PBXTargetDependency */,
			);
			fileSystemSynchronizedGroups = (
				F5F2ECC52CFEDF3D006E0D09 /* ReceipeAppTests */,
			);
			name = ReceipeAppTests;
			packageProductDependencies = (
			);
			productName = ReceipeAppTests;
			productReference = F5F2ECC22CFEDF3D006E0D09 /* ReceipeAppTests.xctest */;
			productType = "com.apple.product-type.bundle.unit-test";
		};
		F5F2ECCB2CFEDF3D006E0D09 /* ReceipeAppUITests */ = {
			isa = PBXNativeTarget;
			buildConfigurationList = F5F2ECDC2CFEDF3D006E0D09 /* Build configuration list for PBXNativeTarget "ReceipeAppUITests" */;
			buildPhases = (
				F5F2ECC82CFEDF3D006E0D09 /* Sources */,
				F5F2ECC92CFEDF3D006E0D09 /* Frameworks */,
				F5F2ECCA2CFEDF3D006E0D09 /* Resources */,
			);
			buildRules = (
			);
			dependencies = (
				F5F2ECCE2CFEDF3D006E0D09 /* PBXTargetDependency */,
			);
			fileSystemSynchronizedGroups = (
				F5F2ECCF2CFEDF3D006E0D09 /* ReceipeAppUITests */,
			);
			name = ReceipeAppUITests;
			packageProductDependencies = (
			);
			productName = ReceipeAppUITests;
			productReference = F5F2ECCC2CFEDF3D006E0D09 /* ReceipeAppUITests.xctest */;
			productType = "com.apple.product-type.bundle.ui-testing";
		};
/* End PBXNativeTarget section */

/* Begin PBXProject section */
		F5F2ECAA2CFEDF3C006E0D09 /* Project object */ = {
			isa = PBXProject;
			attributes = {
				BuildIndependentTargetsInParallel = 1;
				LastSwiftUpdateCheck = 1610;
				LastUpgradeCheck = 1610;
				TargetAttributes = {
					F5F2ECB12CFEDF3C006E0D09 = {
						CreatedOnToolsVersion = 16.1;
					};
					F5F2ECC12CFEDF3D006E0D09 = {
						CreatedOnToolsVersion = 16.1;
						TestTargetID = F5F2ECB12CFEDF3C006E0D09;
					};
					F5F2ECCB2CFEDF3D006E0D09 = {
						CreatedOnToolsVersion = 16.1;
						TestTargetID = F5F2ECB12CFEDF3C006E0D09;
					};
				};
			};
			buildConfigurationList = F5F2ECAD2CFEDF3C006E0D09 /* Build configuration list for PBXProject "ReceipeApp" */;
			developmentRegion = en;
			hasScannedForEncodings = 0;
			knownRegions = (
				en,
				Base,
			);
			mainGroup = F5F2ECA92CFEDF3C006E0D09;
			minimizedProjectReferenceProxies = 1;
			preferredProjectObjectVersion = 77;
			productRefGroup = F5F2ECB32CFEDF3C006E0D09 /* Products */;
			projectDirPath = "";
			projectRoot = "";
			targets = (
				F5F2ECB12CFEDF3C006E0D09 /* ReceipeApp */,
				F5F2ECC12CFEDF3D006E0D09 /* ReceipeAppTests */,
				F5F2ECCB2CFEDF3D006E0D09 /* ReceipeAppUITests */,
			);
		};
/* End PBXProject section */

/* Begin PBXResourcesBuildPhase section */
		F5F2ECB02CFEDF3C006E0D09 /* Resources */ = {
			isa = PBXResourcesBuildPhase;
			buildActionMask = 2147483647;
			files = (
			);
			runOnlyForDeploymentPostprocessing = 0;
		};
		F5F2ECC02CFEDF3D006E0D09 /* Resources */ = {
			isa = PBXResourcesBuildPhase;
			buildActionMask = 2147483647;
			files = (
			);
			runOnlyForDeploymentPostprocessing = 0;
		};
		F5F2ECCA2CFEDF3D006E0D09 /* Resources */ = {
			isa = PBXResourcesBuildPhase;
			buildActionMask = 2147483647;
			files = (
			);
			runOnlyForDeploymentPostprocessing = 0;
		};
/* End PBXResourcesBuildPhase section */

/* Begin PBXSourcesBuildPhase section */
		F5F2ECAE2CFEDF3C006E0D09 /* Sources */ = {
			isa = PBXSourcesBuildPhase;
			buildActionMask = 2147483647;
			files = (
			);
			runOnlyForDeploymentPostprocessing = 0;
		};
		F5F2ECBE2CFEDF3D006E0D09 /* Sources */ = {
			isa = PBXSourcesBuildPhase;
			buildActionMask = 2147483647;
			files = (
			);
			runOnlyForDeploymentPostprocessing = 0;
		};
		F5F2ECC82CFEDF3D006E0D09 /* Sources */ = {
			isa = PBXSourcesBuildPhase;
			buildActionMask = 2147483647;
			files = (
			);
			runOnlyForDeploymentPostprocessing = 0;
		};
/* End PBXSourcesBuildPhase section */

/* Begin PBXTargetDependency section */
		F5F2ECC42CFEDF3D006E0D09 /* PBXTargetDependency */ = {
			isa = PBXTargetDependency;
			target = F5F2ECB12CFEDF3C006E0D09 /* ReceipeApp */;
			targetProxy = F5F2ECC32CFEDF3D006E0D09 /* PBXContainerItemProxy */;
		};
		F5F2ECCE2CFEDF3D006E0D09 /* PBXTargetDependency */ = {
			isa = PBXTargetDependency;
			target = F5F2ECB12CFEDF3C006E0D09 /* ReceipeApp */;
			targetProxy = F5F2ECCD2CFEDF3D006E0D09 /* PBXContainerItemProxy */;
		};
/* End PBXTargetDependency section */

/* Begin XCBuildConfiguration section */
		F5F2ECD42CFEDF3D006E0D09 /* Debug */ = {
			isa = XCBuildConfiguration;
			buildSettings = {
				ALWAYS_SEARCH_USER_PATHS = NO;
				ASSETCATALOG_COMPILER_GENERATE_SWIFT_ASSET_SYMBOL_EXTENSIONS = YES;
				CLANG_ANALYZER_NONNULL = YES;
				CLANG_ANALYZER_NUMBER_OBJECT_CONVERSION = YES_AGGRESSIVE;
				CLANG_CXX_LANGUAGE_STANDARD = "gnu++20";
				CLANG_ENABLE_MODULES = YES;
				CLANG_ENABLE_OBJC_ARC = YES;
				CLANG_ENABLE_OBJC_WEAK = YES;
				CLANG_WARN_BLOCK_CAPTURE_AUTORELEASING = YES;
				CLANG_WARN_BOOL_CONVERSION = YES;
				CLANG_WARN_COMMA = YES;
				CLANG_WARN_CONSTANT_CONVERSION = YES;
				CLANG_WARN_DEPRECATED_OBJC_IMPLEMENTATIONS = YES;
				CLANG_WARN_DIRECT_OBJC_ISA_USAGE = YES_ERROR;
				CLANG_WARN_DOCUMENTATION_COMMENTS = YES;
				CLANG_WARN_EMPTY_BODY = YES;
				CLANG_WARN_ENUM_CONVERSION = YES;
				CLANG_WARN_INFINITE_RECURSION = YES;
				CLANG_WARN_INT_CONVERSION = YES;
				CLANG_WARN_NON_LITERAL_NULL_CONVERSION = YES;
				CLANG_WARN_OBJC_IMPLICIT_RETAIN_SELF = YES;
				CLANG_WARN_OBJC_LITERAL_CONVERSION = YES;
				CLANG_WARN_OBJC_ROOT_CLASS = YES_ERROR;
				CLANG_WARN_QUOTED_INCLUDE_IN_FRAMEWORK_HEADER = YES;
				CLANG_WARN_RANGE_LOOP_ANALYSIS = YES;
				CLANG_WARN_STRICT_PROTOTYPES = YES;
				CLANG_WARN_SUSPICIOUS_MOVE = YES;
				CLANG_WARN_UNGUARDED_AVAILABILITY = YES_AGGRESSIVE;
				CLANG_WARN_UNREACHABLE_CODE = YES;
				CLANG_WARN__DUPLICATE_METHOD_MATCH = YES;
				COPY_PHASE_STRIP = NO;
				DEBUG_INFORMATION_FORMAT = dwarf;
				ENABLE_STRICT_OBJC_MSGSEND = YES;
				ENABLE_TESTABILITY = YES;
				ENABLE_USER_SCRIPT_SANDBOXING = YES;
				GCC_C_LANGUAGE_STANDARD = gnu17;
				GCC_DYNAMIC_NO_PIC = NO;
				GCC_NO_COMMON_BLOCKS = YES;
				GCC_OPTIMIZATION_LEVEL = 0;
				GCC_PREPROCESSOR_DEFINITIONS = (
					"DEBUG=1",
					"$(inherited)",
				);
				GCC_WARN_64_TO_32_BIT_CONVERSION = YES;
				GCC_WARN_ABOUT_RETURN_TYPE = YES_ERROR;
				GCC_WARN_UNDECLARED_SELECTOR = YES;
				GCC_WARN_UNINITIALIZED_AUTOS = YES_AGGRESSIVE;
				GCC_WARN_UNUSED_FUNCTION = YES;
				GCC_WARN_UNUSED_VARIABLE = YES;
				IPHONEOS_DEPLOYMENT_TARGET = 18.1;
				LOCALIZATION_PREFERS_STRING_CATALOGS = YES;
				MTL_ENABLE_DEBUG_INFO = INCLUDE_SOURCE;
				MTL_FAST_MATH = YES;
				ONLY_ACTIVE_ARCH = YES;
				SDKROOT = iphoneos;
				SWIFT_ACTIVE_COMPILATION_CONDITIONS = "DEBUG $(inherited)";
				SWIFT_OPTIMIZATION_LEVEL = "-Onone";
			};
			name = Debug;
		};
		F5F2ECD52CFEDF3D006E0D09 /* Release */ = {
			isa = XCBuildConfiguration;
			buildSettings = {
				ALWAYS_SEARCH_USER_PATHS = NO;
				ASSETCATALOG_COMPILER_GENERATE_SWIFT_ASSET_SYMBOL_EXTENSIONS = YES;
				CLANG_ANALYZER_NONNULL = YES;
				CLANG_ANALYZER_NUMBER_OBJECT_CONVERSION = YES_AGGRESSIVE;
				CLANG_CXX_LANGUAGE_STANDARD = "gnu++20";
				CLANG_ENABLE_MODULES = YES;
				CLANG_ENABLE_OBJC_ARC = YES;
				CLANG_ENABLE_OBJC_WEAK = YES;
				CLANG_WARN_BLOCK_CAPTURE_AUTORELEASING = YES;
				CLANG_WARN_BOOL_CONVERSION = YES;
				CLANG_WARN_COMMA = YES;
				CLANG_WARN_CONSTANT_CONVERSION = YES;
				CLANG_WARN_DEPRECATED_OBJC_IMPLEMENTATIONS = YES;
				CLANG_WARN_DIRECT_OBJC_ISA_USAGE = YES_ERROR;
				CLANG_WARN_DOCUMENTATION_COMMENTS = YES;
				CLANG_WARN_EMPTY_BODY = YES;
				CLANG_WARN_ENUM_CONVERSION = YES;
				CLANG_WARN_INFINITE_RECURSION = YES;
				CLANG_WARN_INT_CONVERSION = YES;
				CLANG_WARN_NON_LITERAL_NULL_CONVERSION = YES;
				CLANG_WARN_OBJC_IMPLICIT_RETAIN_SELF = YES;
				CLANG_WARN_OBJC_LITERAL_CONVERSION = YES;
				CLANG_WARN_OBJC_ROOT_CLASS = YES_ERROR;
				CLANG_WARN_QUOTED_INCLUDE_IN_FRAMEWORK_HEADER = YES;
				CLANG_WARN_RANGE_LOOP_ANALYSIS = YES;
				CLANG_WARN_STRICT_PROTOTYPES = YES;
				CLANG_WARN_SUSPICIOUS_MOVE = YES;
				CLANG_WARN_UNGUARDED_AVAILABILITY = YES_AGGRESSIVE;
				CLANG_WARN_UNREACHABLE_CODE = YES;
				CLANG_WARN__DUPLICATE_METHOD_MATCH = YES;
				COPY_PHASE_STRIP = NO;
				DEBUG_INFORMATION_FORMAT = "dwarf-with-dsym";
				ENABLE_NS_ASSERTIONS = NO;
				ENABLE_STRICT_OBJC_MSGSEND = YES;
				ENABLE_USER_SCRIPT_SANDBOXING = YES;
				GCC_C_LANGUAGE_STANDARD = gnu17;
				GCC_NO_COMMON_BLOCKS = YES;
				GCC_WARN_64_TO_32_BIT_CONVERSION = YES;
				GCC_WARN_ABOUT_RETURN_TYPE = YES_ERROR;
				GCC_WARN_UNDECLARED_SELECTOR = YES;
				GCC_WARN_UNINITIALIZED_AUTOS = YES_AGGRESSIVE;
				GCC_WARN_UNUSED_FUNCTION = YES;
				GCC_WARN_UNUSED_VARIABLE = YES;
				IPHONEOS_DEPLOYMENT_TARGET = 18.1;
				LOCALIZATION_PREFERS_STRING_CATALOGS = YES;
				MTL_ENABLE_DEBUG_INFO = NO;
				MTL_FAST_MATH = YES;
				SDKROOT = iphoneos;
				SWIFT_COMPILATION_MODE = wholemodule;
				VALIDATE_PRODUCT = YES;
			};
			name = Release;
		};
		F5F2ECD72CFEDF3D006E0D09 /* Debug */ = {
			isa = XCBuildConfiguration;
			buildSettings = {
				ASSETCATALOG_COMPILER_APPICON_NAME = AppIcon;
				ASSETCATALOG_COMPILER_GLOBAL_ACCENT_COLOR_NAME = AccentColor;
				CODE_SIGN_STYLE = Automatic;
				CURRENT_PROJECT_VERSION = 1;
				DEVELOPMENT_ASSET_PATHS = "\"ReceipeApp/Preview Content\"";
				DEVELOPMENT_TEAM = CA4S4JBP44;
				ENABLE_PREVIEWS = YES;
				GENERATE_INFOPLIST_FILE = YES;
				INFOPLIST_FILE = ReceipeApp/Info.plist;
				INFOPLIST_KEY_UIApplicationSceneManifest_Generation = YES;
				INFOPLIST_KEY_UIApplicationSupportsIndirectInputEvents = YES;
				INFOPLIST_KEY_UILaunchScreen_Generation = YES;
				INFOPLIST_KEY_UISupportedInterfaceOrientations_iPad = "UIInterfaceOrientationPortrait UIInterfaceOrientationPortraitUpsideDown UIInterfaceOrientationLandscapeLeft UIInterfaceOrientationLandscapeRight";
				INFOPLIST_KEY_UISupportedInterfaceOrientations_iPhone = "UIInterfaceOrientationPortrait UIInterfaceOrientationLandscapeLeft UIInterfaceOrientationLandscapeRight";
				LD_RUNPATH_SEARCH_PATHS = (
					"$(inherited)",
					"@executable_path/Frameworks",
				);
				MARKETING_VERSION = 1.0;
				PRODUCT_BUNDLE_IDENTIFIER = com.receipe.ReceipeApp;
				PRODUCT_NAME = "$(TARGET_NAME)";
				SWIFT_EMIT_LOC_STRINGS = YES;
				SWIFT_VERSION = 5.0;
				TARGETED_DEVICE_FAMILY = "1,2";
			};
			name = Debug;
		};
		F5F2ECD82CFEDF3D006E0D09 /* Release */ = {
			isa = XCBuildConfiguration;
			buildSettings = {
				ASSETCATALOG_COMPILER_APPICON_NAME = AppIcon;
				ASSETCATALOG_COMPILER_GLOBAL_ACCENT_COLOR_NAME = AccentColor;
				CODE_SIGN_STYLE = Automatic;
				CURRENT_PROJECT_VERSION = 1;
				DEVELOPMENT_ASSET_PATHS = "\"ReceipeApp/Preview Content\"";
				DEVELOPMENT_TEAM = CA4S4JBP44;
				ENABLE_PREVIEWS = YES;
				GENERATE_INFOPLIST_FILE = YES;
				INFOPLIST_FILE = ReceipeApp/Info.plist;
				INFOPLIST_KEY_UIApplicationSceneManifest_Generation = YES;
				INFOPLIST_KEY_UIApplicationSupportsIndirectInputEvents = YES;
				INFOPLIST_KEY_UILaunchScreen_Generation = YES;
				INFOPLIST_KEY_UISupportedInterfaceOrientations_iPad = "UIInterfaceOrientationPortrait UIInterfaceOrientationPortraitUpsideDown UIInterfaceOrientationLandscapeLeft UIInterfaceOrientationLandscapeRight";
				INFOPLIST_KEY_UISupportedInterfaceOrientations_iPhone = "UIInterfaceOrientationPortrait UIInterfaceOrientationLandscapeLeft UIInterfaceOrientationLandscapeRight";
				LD_RUNPATH_SEARCH_PATHS = (
					"$(inherited)",
					"@executable_path/Frameworks",
				);
				MARKETING_VERSION = 1.0;
				PRODUCT_BUNDLE_IDENTIFIER = com.receipe.ReceipeApp;
				PRODUCT_NAME = "$(TARGET_NAME)";
				SWIFT_EMIT_LOC_STRINGS = YES;
				SWIFT_VERSION = 5.0;
				TARGETED_DEVICE_FAMILY = "1,2";
			};
			name = Release;
		};
		F5F2ECDA2CFEDF3D006E0D09 /* Debug */ = {
			isa = XCBuildConfiguration;
			buildSettings = {
				BUNDLE_LOADER = "$(TEST_HOST)";
				CODE_SIGN_STYLE = Automatic;
				CURRENT_PROJECT_VERSION = 1;
				DEVELOPMENT_TEAM = CA4S4JBP44;
				GENERATE_INFOPLIST_FILE = YES;
				IPHONEOS_DEPLOYMENT_TARGET = 18.1;
				MARKETING_VERSION = 1.0;
				PRODUCT_BUNDLE_IDENTIFIER = com.receipe.ReceipeAppTests;
				PRODUCT_NAME = "$(TARGET_NAME)";
				SWIFT_EMIT_LOC_STRINGS = NO;
				SWIFT_VERSION = 5.0;
				TARGETED_DEVICE_FAMILY = "1,2";
				TEST_HOST = "$(BUILT_PRODUCTS_DIR)/ReceipeApp.app/$(BUNDLE_EXECUTABLE_FOLDER_PATH)/ReceipeApp";
			};
			name = Debug;
		};
		F5F2ECDB2CFEDF3D006E0D09 /* Release */ = {
			isa = XCBuildConfiguration;
			buildSettings = {
				BUNDLE_LOADER = "$(TEST_HOST)";
				CODE_SIGN_STYLE = Automatic;
				CURRENT_PROJECT_VERSION = 1;
				DEVELOPMENT_TEAM = CA4S4JBP44;
				GENERATE_INFOPLIST_FILE = YES;
				IPHONEOS_DEPLOYMENT_TARGET = 18.1;
				MARKETING_VERSION = 1.0;
				PRODUCT_BUNDLE_IDENTIFIER = com.receipe.ReceipeAppTests;
				PRODUCT_NAME = "$(TARGET_NAME)";
				SWIFT_EMIT_LOC_STRINGS = NO;
				SWIFT_VERSION = 5.0;
				TARGETED_DEVICE_FAMILY = "1,2";
				TEST_HOST = "$(BUILT_PRODUCTS_DIR)/ReceipeApp.app/$(BUNDLE_EXECUTABLE_FOLDER_PATH)/ReceipeApp";
			};
			name = Release;
		};
		F5F2ECDD2CFEDF3D006E0D09 /* Debug */ = {
			isa = XCBuildConfiguration;
			buildSettings = {
				CODE_SIGN_STYLE = Automatic;
				CURRENT_PROJECT_VERSION = 1;
				DEVELOPMENT_TEAM = CA4S4JBP44;
				GENERATE_INFOPLIST_FILE = YES;
				MARKETING_VERSION = 1.0;
				PRODUCT_BUNDLE_IDENTIFIER = com.receipe.ReceipeAppUITests;
				PRODUCT_NAME = "$(TARGET_NAME)";
				SWIFT_EMIT_LOC_STRINGS = NO;
				SWIFT_VERSION = 5.0;
				TARGETED_DEVICE_FAMILY = "1,2";
				TEST_TARGET_NAME = ReceipeApp;
			};
			name = Debug;
		};
		F5F2ECDE2CFEDF3D006E0D09 /* Release */ = {
			isa = XCBuildConfiguration;
			buildSettings = {
				CODE_SIGN_STYLE = Automatic;
				CURRENT_PROJECT_VERSION = 1;
				DEVELOPMENT_TEAM = CA4S4JBP44;
				GENERATE_INFOPLIST_FILE = YES;
				MARKETING_VERSION = 1.0;
				PRODUCT_BUNDLE_IDENTIFIER = com.receipe.ReceipeAppUITests;
				PRODUCT_NAME = "$(TARGET_NAME)";
				SWIFT_EMIT_LOC_STRINGS = NO;
				SWIFT_VERSION = 5.0;
				TARGETED_DEVICE_FAMILY = "1,2";
				TEST_TARGET_NAME = ReceipeApp;
			};
			name = Release;
		};
/* End XCBuildConfiguration section */

/* Begin XCConfigurationList section */
		F5F2ECAD2CFEDF3C006E0D09 /* Build configuration list for PBXProject "ReceipeApp" */ = {
			isa = XCConfigurationList;
			buildConfigurations = (
				F5F2ECD42CFEDF3D006E0D09 /* Debug */,
				F5F2ECD52CFEDF3D006E0D09 /* Release */,
			);
			defaultConfigurationIsVisible = 0;
			defaultConfigurationName = Release;
		};
		F5F2ECD62CFEDF3D006E0D09 /* Build configuration list for PBXNativeTarget "ReceipeApp" */ = {
			isa = XCConfigurationList;
			buildConfigurations = (
				F5F2ECD72CFEDF3D006E0D09 /* Debug */,
				F5F2ECD82CFEDF3D006E0D09 /* Release */,
			);
			defaultConfigurationIsVisible = 0;
			defaultConfigurationName = Release;
		};
		F5F2ECD92CFEDF3D006E0D09 /* Build configuration list for PBXNativeTarget "ReceipeAppTests" */ = {
			isa = XCConfigurationList;
			buildConfigurations = (
				F5F2ECDA2CFEDF3D006E0D09 /* Debug */,
				F5F2ECDB2CFEDF3D006E0D09 /* Release */,
			);
			defaultConfigurationIsVisible = 0;
			defaultConfigurationName = Release;
		};
		F5F2ECDC2CFEDF3D006E0D09 /* Build configuration list for PBXNativeTarget "ReceipeAppUITests" */ = {
			isa = XCConfigurationList;
			buildConfigurations = (
				F5F2ECDD2CFEDF3D006E0D09 /* Debug */,
				F5F2ECDE2CFEDF3D006E0D09 /* Release */,
			);
			defaultConfigurationIsVisible = 0;
			defaultConfigurationName = Release;
		};
/* End XCConfigurationList section */
	};
	rootObject = F5F2ECAA2CFEDF3C006E0D09 /* Project object */;
}
